// !$*UTF8*$!
{
	archiveVersion = 1;
	classes = {
	};
	objectVersion = 46;
	objects = {

/* Begin PBXBuildFile section */
		1FB814661F4584DB00CCBB91 /* libECMedia.a in Frameworks */ = {isa = PBXBuildFile; fileRef = 1FB814631F4584CF00CCBB91 /* libECMedia.a */; };
		550FCC131797E86400D21A07 /* base64.c in Sources */ = {isa = PBXBuildFile; fileRef = 550FCC121797E86400D21A07 /* base64.c */; };
		55209C9A181116C60079F4D6 /* base64_2.cpp in Sources */ = {isa = PBXBuildFile; fileRef = 55209C98181116C60079F4D6 /* base64_2.cpp */; };
		55209C9B181116C60079F4D6 /* base64_2.h in Headers */ = {isa = PBXBuildFile; fileRef = 55209C99181116C60079F4D6 /* base64_2.h */; };
		5550177115C8CF480023C226 /* servicecore.cpp in Sources */ = {isa = PBXBuildFile; fileRef = 5550177015C8CF480023C226 /* servicecore.cpp */; };
		5555DF031829E76700993F3B /* videoframe.h in Headers */ = {isa = PBXBuildFile; fileRef = 5555DF011829E76700993F3B /* videoframe.h */; };
		556B7427160EAFB9005574FD /* tinyxml2.cpp in Sources */ = {isa = PBXBuildFile; fileRef = 556B7426160EAFB9005574FD /* tinyxml2.cpp */; };
		556F879115C8CBFC00904840 /* enum.h in Headers */ = {isa = PBXBuildFile; fileRef = 556F876E15C8CBFC00904840 /* enum.h */; settings = {ATTRIBUTES = (); }; };
		556F879215C8CBFC00904840 /* friends.h in Headers */ = {isa = PBXBuildFile; fileRef = 556F876F15C8CBFC00904840 /* friends.h */; settings = {ATTRIBUTES = (); }; };
		556F879315C8CBFC00904840 /* linphonefriend.h in Headers */ = {isa = PBXBuildFile; fileRef = 556F877015C8CBFC00904840 /* linphonefriend.h */; settings = {ATTRIBUTES = (); }; };
		556F879415C8CBFC00904840 /* lpconfig.h in Headers */ = {isa = PBXBuildFile; fileRef = 556F877115C8CBFC00904840 /* lpconfig.h */; settings = {ATTRIBUTES = (); }; };
		556F879515C8CBFC00904840 /* offeranswer.h in Headers */ = {isa = PBXBuildFile; fileRef = 556F877215C8CBFC00904840 /* offeranswer.h */; settings = {ATTRIBUTES = (); }; };
		556F879615C8CBFC00904840 /* sal_eXosip2.h in Headers */ = {isa = PBXBuildFile; fileRef = 556F877315C8CBFC00904840 /* sal_eXosip2.h */; settings = {ATTRIBUTES = (); }; };
		556F879715C8CBFC00904840 /* salpr.h in Headers */ = {isa = PBXBuildFile; fileRef = 556F877415C8CBFC00904840 /* salpr.h */; settings = {ATTRIBUTES = (); }; };
		556F879815C8CBFC00904840 /* serphonecall.h in Headers */ = {isa = PBXBuildFile; fileRef = 556F877515C8CBFC00904840 /* serphonecall.h */; settings = {ATTRIBUTES = (); }; };
		556F879915C8CBFC00904840 /* serprivate.h in Headers */ = {isa = PBXBuildFile; fileRef = 556F877615C8CBFC00904840 /* serprivate.h */; settings = {ATTRIBUTES = (); }; };
		556F879A15C8CBFC00904840 /* servicecore.h in Headers */ = {isa = PBXBuildFile; fileRef = 556F877715C8CBFC00904840 /* servicecore.h */; settings = {ATTRIBUTES = (); }; };
		556F879B15C8CBFC00904840 /* sipsetup.h in Headers */ = {isa = PBXBuildFile; fileRef = 556F877815C8CBFC00904840 /* sipsetup.h */; settings = {ATTRIBUTES = (); }; };
		556F879D15C8CBFC00904840 /* serphoneinterface.h in Headers */ = {isa = PBXBuildFile; fileRef = 556F877B15C8CBFC00904840 /* serphoneinterface.h */; settings = {ATTRIBUTES = (); }; };
		556F879E15C8CBFC00904840 /* address.cpp in Sources */ = {isa = PBXBuildFile; fileRef = 556F877D15C8CBFC00904840 /* address.cpp */; };
		556F879F15C8CBFC00904840 /* callbacks.cpp in Sources */ = {isa = PBXBuildFile; fileRef = 556F877E15C8CBFC00904840 /* callbacks.cpp */; };
		556F87A015C8CBFC00904840 /* chat.cpp in Sources */ = {isa = PBXBuildFile; fileRef = 556F877F15C8CBFC00904840 /* chat.cpp */; };
		556F87A115C8CBFC00904840 /* enum.cpp in Sources */ = {isa = PBXBuildFile; fileRef = 556F878015C8CBFC00904840 /* enum.cpp */; };
		556F87A215C8CBFC00904840 /* friends.cpp in Sources */ = {isa = PBXBuildFile; fileRef = 556F878115C8CBFC00904840 /* friends.cpp */; };
		556F87A315C8CBFC00904840 /* lpconfig.cpp in Sources */ = {isa = PBXBuildFile; fileRef = 556F878215C8CBFC00904840 /* lpconfig.cpp */; };
		556F87A415C8CBFC00904840 /* mediaprocess.cpp in Sources */ = {isa = PBXBuildFile; fileRef = 556F878315C8CBFC00904840 /* mediaprocess.cpp */; };
		556F87A515C8CBFC00904840 /* offeranswer.cpp in Sources */ = {isa = PBXBuildFile; fileRef = 556F878415C8CBFC00904840 /* offeranswer.cpp */; };
		556F87A615C8CBFC00904840 /* prensence.cpp in Sources */ = {isa = PBXBuildFile; fileRef = 556F878515C8CBFC00904840 /* prensence.cpp */; };
		556F87A715C8CBFC00904840 /* proxy.cpp in Sources */ = {isa = PBXBuildFile; fileRef = 556F878615C8CBFC00904840 /* proxy.cpp */; };
		556F87A815C8CBFC00904840 /* sal_eXosip2.cpp in Sources */ = {isa = PBXBuildFile; fileRef = 556F878715C8CBFC00904840 /* sal_eXosip2.cpp */; };
		556F87A915C8CBFC00904840 /* sal_eXosip2_presence.cpp in Sources */ = {isa = PBXBuildFile; fileRef = 556F878815C8CBFC00904840 /* sal_eXosip2_presence.cpp */; };
		556F87AA15C8CBFC00904840 /* sal_eXosip2_sdp.cpp in Sources */ = {isa = PBXBuildFile; fileRef = 556F878915C8CBFC00904840 /* sal_eXosip2_sdp.cpp */; };
		556F87AB15C8CBFC00904840 /* salpr.cpp in Sources */ = {isa = PBXBuildFile; fileRef = 556F878A15C8CBFC00904840 /* salpr.cpp */; };
		556F87AC15C8CBFC00904840 /* serphonecall.cpp in Sources */ = {isa = PBXBuildFile; fileRef = 556F878B15C8CBFC00904840 /* serphonecall.cpp */; };
		556F87AD15C8CBFC00904840 /* serphoneinterface.cpp in Sources */ = {isa = PBXBuildFile; fileRef = 556F878C15C8CBFC00904840 /* serphoneinterface.cpp */; };
		556F87AF15C8CBFC00904840 /* siplogin.cpp in Sources */ = {isa = PBXBuildFile; fileRef = 556F878E15C8CBFC00904840 /* siplogin.cpp */; };
		556F87B015C8CBFC00904840 /* sipsetup.cpp in Sources */ = {isa = PBXBuildFile; fileRef = 556F878F15C8CBFC00904840 /* sipsetup.cpp */; };
		55A26538180F79CF00EA5714 /* http.cpp in Sources */ = {isa = PBXBuildFile; fileRef = 55A2652F180F79CF00EA5714 /* http.cpp */; };
		55A26539180F79CF00EA5714 /* http.h in Headers */ = {isa = PBXBuildFile; fileRef = 55A26530180F79CF00EA5714 /* http.h */; };
		55A2653A180F79CF00EA5714 /* HttpClient.cpp in Sources */ = {isa = PBXBuildFile; fileRef = 55A26531180F79CF00EA5714 /* HttpClient.cpp */; };
		55A2653B180F79CF00EA5714 /* HttpClient.h in Headers */ = {isa = PBXBuildFile; fileRef = 55A26532180F79CF00EA5714 /* HttpClient.h */; };
		55A2653E180F79CF00EA5714 /* RESTClient.cpp in Sources */ = {isa = PBXBuildFile; fileRef = 55A26535180F79CF00EA5714 /* RESTClient.cpp */; };
		55A2653F180F79CF00EA5714 /* RESTClient.h in Headers */ = {isa = PBXBuildFile; fileRef = 55A26536180F79CF00EA5714 /* RESTClient.h */; };
		55A26540180F79CF00EA5714 /* URLDecode.cpp in Sources */ = {isa = PBXBuildFile; fileRef = 55A26537180F79CF00EA5714 /* URLDecode.cpp */; };
		55A26545180F79F500EA5714 /* md5.cpp in Sources */ = {isa = PBXBuildFile; fileRef = 55A26541180F79F500EA5714 /* md5.cpp */; };
		55A26546180F79F500EA5714 /* md5.h in Headers */ = {isa = PBXBuildFile; fileRef = 55A26542180F79F500EA5714 /* md5.h */; };
		55A2656B180F93DF00EA5714 /* base64.h in Headers */ = {isa = PBXBuildFile; fileRef = 55A26569180F93DF00EA5714 /* base64.h */; };
		55A2656C180F93DF00EA5714 /* ice.h in Headers */ = {isa = PBXBuildFile; fileRef = 55A2656A180F93DF00EA5714 /* ice.h */; };
		55A529E7171D4DF4000BA678 /* CCPClient_Internal.h in Headers */ = {isa = PBXBuildFile; fileRef = 55A529E6171D4DF4000BA678 /* CCPClient_Internal.h */; settings = {ATTRIBUTES = (Public, ); }; };
		55A7511315C8CAB9001B246A /* Foundation.framework in Frameworks */ = {isa = PBXBuildFile; fileRef = 55A7511215C8CAB9001B246A /* Foundation.framework */; };
		55A76DCB174C5D2D006BA9B1 /* sdk_common.h in Headers */ = {isa = PBXBuildFile; fileRef = 55A76DCA174C5D2D006BA9B1 /* sdk_common.h */; settings = {ATTRIBUTES = (Public, ); }; };
		55AAF3F116FAC66600BCCBD5 /* CCPClient.cpp in Sources */ = {isa = PBXBuildFile; fileRef = 554AD69E16FAB0EB0084F686 /* CCPClient.cpp */; };
		55B00876183DB104009D26EA /* cJSON.c in Sources */ = {isa = PBXBuildFile; fileRef = 55B00874183DB104009D26EA /* cJSON.c */; };
		55B00877183DB104009D26EA /* cJSON.h in Headers */ = {isa = PBXBuildFile; fileRef = 55B00875183DB104009D26EA /* cJSON.h */; };
		55EA5E3B17D8589100885688 /* ice.cc in Sources */ = {isa = PBXBuildFile; fileRef = 55EA5E3A17D8589100885688 /* ice.cc */; };
		55F73F4F16FAB3A7008A2F8D /* CCPClient.h in Headers */ = {isa = PBXBuildFile; fileRef = 554AD6A016FAB0F20084F686 /* CCPClient.h */; settings = {ATTRIBUTES = (Public, ); }; };
		AD01998C1D237128003C2BB9 /* libexosip.a in Frameworks */ = {isa = PBXBuildFile; fileRef = AD01998B1D23711E003C2BB9 /* libexosip.a */; };
		AD01998D1D237130003C2BB9 /* libosip.a in Frameworks */ = {isa = PBXBuildFile; fileRef = AD0199851D23710D003C2BB9 /* libosip.a */; };
		AD0199AD1D239472003C2BB9 /* sometools.h in Headers */ = {isa = PBXBuildFile; fileRef = AD0199AC1D239472003C2BB9 /* sometools.h */; };
		AD0199AF1D239480003C2BB9 /* sometools.cpp in Sources */ = {isa = PBXBuildFile; fileRef = AD0199AE1D239480003C2BB9 /* sometools.cpp */; };
/* End PBXBuildFile section */

/* Begin PBXContainerItemProxy section */
		1FB140AC20D291770028C05D /* PBXContainerItemProxy */ = {
			isa = PBXContainerItemProxy;
			containerPortal = 1FB814391F4584CC00CCBB91 /* ECMedia.xcodeproj */;
			proxyType = 1;
			remoteGlobalIDString = ADB5192E1B27DFCA0009077D;
			remoteInfo = ECMedia;
		};
		1FB814621F4584CF00CCBB91 /* PBXContainerItemProxy */ = {
			isa = PBXContainerItemProxy;
			containerPortal = 1FB814391F4584CC00CCBB91 /* ECMedia.xcodeproj */;
			proxyType = 2;
			remoteGlobalIDString = ADB5192F1B27DFCA0009077D;
			remoteInfo = ECMedia;
		};
		1FB814641F4584CF00CCBB91 /* PBXContainerItemProxy */ = {
			isa = PBXContainerItemProxy;
			containerPortal = 1FB814391F4584CC00CCBB91 /* ECMedia.xcodeproj */;
			proxyType = 2;
			remoteGlobalIDString = 55D3C73B1B81C8CD00D770BC;
			remoteInfo = ECMedia_Mac;
		};
		AD0199841D23710D003C2BB9 /* PBXContainerItemProxy */ = {
			isa = PBXContainerItemProxy;
			containerPortal = AD0199801D23710D003C2BB9 /* osip.xcodeproj */;
			proxyType = 2;
			remoteGlobalIDString = 3F96FF2715C9085E004FCC3F;
			remoteInfo = osip;
		};
		AD01998A1D23711E003C2BB9 /* PBXContainerItemProxy */ = {
			isa = PBXContainerItemProxy;
			containerPortal = AD0199861D23711E003C2BB9 /* exosip.xcodeproj */;
			proxyType = 2;
			remoteGlobalIDString = 3F96002215C90BD7004FCC3F;
			remoteInfo = exosip;
		};
		AD0199B01D2397CF003C2BB9 /* PBXContainerItemProxy */ = {
			isa = PBXContainerItemProxy;
			containerPortal = AD0199861D23711E003C2BB9 /* exosip.xcodeproj */;
			proxyType = 1;
			remoteGlobalIDString = 3F96002115C90BD7004FCC3F;
			remoteInfo = exosip;
		};
		AD0199B21D2397CF003C2BB9 /* PBXContainerItemProxy */ = {
			isa = PBXContainerItemProxy;
			containerPortal = AD0199801D23710D003C2BB9 /* osip.xcodeproj */;
			proxyType = 1;
			remoteGlobalIDString = 3F96FF2615C9085E004FCC3F;
			remoteInfo = osip;
		};
/* End PBXContainerItemProxy section */

/* Begin PBXFileReference section */
		1FB814391F4584CC00CCBB91 /* ECMedia.xcodeproj */ = {isa = PBXFileReference; lastKnownFileType = "wrapper.pb-project"; name = ECMedia.xcodeproj; path = ../ECMedia/ECMedia/ECMedia.xcodeproj; sourceTree = "<group>"; };
		550FCC121797E86400D21A07 /* base64.c */ = {isa = PBXFileReference; fileEncoding = 4; lastKnownFileType = sourcecode.c.c; path = base64.c; sourceTree = "<group>"; };
		55209C98181116C60079F4D6 /* base64_2.cpp */ = {isa = PBXFileReference; fileEncoding = 4; lastKnownFileType = sourcecode.cpp.cpp; name = base64_2.cpp; path = source/Utility/base64_2.cpp; sourceTree = SOURCE_ROOT; };
		55209C99181116C60079F4D6 /* base64_2.h */ = {isa = PBXFileReference; fileEncoding = 4; lastKnownFileType = sourcecode.c.h; name = base64_2.h; path = source/Utility/base64_2.h; sourceTree = SOURCE_ROOT; };
		554AD69E16FAB0EB0084F686 /* CCPClient.cpp */ = {isa = PBXFileReference; fileEncoding = 4; lastKnownFileType = sourcecode.cpp.cpp; path = CCPClient.cpp; sourceTree = "<group>"; };
		554AD6A016FAB0F20084F686 /* CCPClient.h */ = {isa = PBXFileReference; fileEncoding = 4; lastKnownFileType = sourcecode.c.h; path = CCPClient.h; sourceTree = "<group>"; };
		5550177015C8CF480023C226 /* servicecore.cpp */ = {isa = PBXFileReference; fileEncoding = 4; lastKnownFileType = sourcecode.cpp.cpp; path = servicecore.cpp; sourceTree = "<group>"; };
		5555DF011829E76700993F3B /* videoframe.h */ = {isa = PBXFileReference; fileEncoding = 4; lastKnownFileType = sourcecode.c.h; path = videoframe.h; sourceTree = "<group>"; };
		556B7426160EAFB9005574FD /* tinyxml2.cpp */ = {isa = PBXFileReference; fileEncoding = 4; lastKnownFileType = sourcecode.cpp.cpp; path = tinyxml2.cpp; sourceTree = "<group>"; };
		556F876E15C8CBFC00904840 /* enum.h */ = {isa = PBXFileReference; fileEncoding = 4; lastKnownFileType = sourcecode.c.h; path = enum.h; sourceTree = "<group>"; };
		556F876F15C8CBFC00904840 /* friends.h */ = {isa = PBXFileReference; fileEncoding = 4; lastKnownFileType = sourcecode.c.h; path = friends.h; sourceTree = "<group>"; };
		556F877015C8CBFC00904840 /* linphonefriend.h */ = {isa = PBXFileReference; fileEncoding = 4; lastKnownFileType = sourcecode.c.h; path = linphonefriend.h; sourceTree = "<group>"; };
		556F877115C8CBFC00904840 /* lpconfig.h */ = {isa = PBXFileReference; fileEncoding = 4; lastKnownFileType = sourcecode.c.h; path = lpconfig.h; sourceTree = "<group>"; };
		556F877215C8CBFC00904840 /* offeranswer.h */ = {isa = PBXFileReference; fileEncoding = 4; lastKnownFileType = sourcecode.c.h; path = offeranswer.h; sourceTree = "<group>"; };
		556F877315C8CBFC00904840 /* sal_eXosip2.h */ = {isa = PBXFileReference; fileEncoding = 4; lastKnownFileType = sourcecode.c.h; path = sal_eXosip2.h; sourceTree = "<group>"; };
		556F877415C8CBFC00904840 /* salpr.h */ = {isa = PBXFileReference; fileEncoding = 4; lastKnownFileType = sourcecode.c.h; path = salpr.h; sourceTree = "<group>"; };
		556F877515C8CBFC00904840 /* serphonecall.h */ = {isa = PBXFileReference; fileEncoding = 4; lastKnownFileType = sourcecode.c.h; path = serphonecall.h; sourceTree = "<group>"; };
		556F877615C8CBFC00904840 /* serprivate.h */ = {isa = PBXFileReference; fileEncoding = 4; lastKnownFileType = sourcecode.c.h; path = serprivate.h; sourceTree = "<group>"; };
		556F877715C8CBFC00904840 /* servicecore.h */ = {isa = PBXFileReference; fileEncoding = 4; lastKnownFileType = sourcecode.c.h; path = servicecore.h; sourceTree = "<group>"; };
		556F877815C8CBFC00904840 /* sipsetup.h */ = {isa = PBXFileReference; fileEncoding = 4; lastKnownFileType = sourcecode.c.h; path = sipsetup.h; sourceTree = "<group>"; };
		556F877B15C8CBFC00904840 /* serphoneinterface.h */ = {isa = PBXFileReference; fileEncoding = 4; lastKnownFileType = sourcecode.c.h; path = serphoneinterface.h; sourceTree = "<group>"; };
		556F877D15C8CBFC00904840 /* address.cpp */ = {isa = PBXFileReference; fileEncoding = 4; lastKnownFileType = sourcecode.cpp.cpp; path = address.cpp; sourceTree = "<group>"; };
		556F877E15C8CBFC00904840 /* callbacks.cpp */ = {isa = PBXFileReference; fileEncoding = 4; lastKnownFileType = sourcecode.cpp.cpp; path = callbacks.cpp; sourceTree = "<group>"; };
		556F877F15C8CBFC00904840 /* chat.cpp */ = {isa = PBXFileReference; fileEncoding = 4; lastKnownFileType = sourcecode.cpp.cpp; path = chat.cpp; sourceTree = "<group>"; };
		556F878015C8CBFC00904840 /* enum.cpp */ = {isa = PBXFileReference; fileEncoding = 4; lastKnownFileType = sourcecode.cpp.cpp; path = enum.cpp; sourceTree = "<group>"; };
		556F878115C8CBFC00904840 /* friends.cpp */ = {isa = PBXFileReference; fileEncoding = 4; lastKnownFileType = sourcecode.cpp.cpp; path = friends.cpp; sourceTree = "<group>"; };
		556F878215C8CBFC00904840 /* lpconfig.cpp */ = {isa = PBXFileReference; fileEncoding = 4; lastKnownFileType = sourcecode.cpp.cpp; path = lpconfig.cpp; sourceTree = "<group>"; };
		556F878315C8CBFC00904840 /* mediaprocess.cpp */ = {isa = PBXFileReference; fileEncoding = 4; lastKnownFileType = sourcecode.cpp.cpp; path = mediaprocess.cpp; sourceTree = "<group>"; };
		556F878415C8CBFC00904840 /* offeranswer.cpp */ = {isa = PBXFileReference; fileEncoding = 4; lastKnownFileType = sourcecode.cpp.cpp; path = offeranswer.cpp; sourceTree = "<group>"; };
		556F878515C8CBFC00904840 /* prensence.cpp */ = {isa = PBXFileReference; fileEncoding = 4; lastKnownFileType = sourcecode.cpp.cpp; path = prensence.cpp; sourceTree = "<group>"; };
		556F878615C8CBFC00904840 /* proxy.cpp */ = {isa = PBXFileReference; fileEncoding = 4; lastKnownFileType = sourcecode.cpp.cpp; path = proxy.cpp; sourceTree = "<group>"; };
		556F878715C8CBFC00904840 /* sal_eXosip2.cpp */ = {isa = PBXFileReference; fileEncoding = 4; lastKnownFileType = sourcecode.cpp.cpp; path = sal_eXosip2.cpp; sourceTree = "<group>"; };
		556F878815C8CBFC00904840 /* sal_eXosip2_presence.cpp */ = {isa = PBXFileReference; fileEncoding = 4; lastKnownFileType = sourcecode.cpp.cpp; path = sal_eXosip2_presence.cpp; sourceTree = "<group>"; };
		556F878915C8CBFC00904840 /* sal_eXosip2_sdp.cpp */ = {isa = PBXFileReference; fileEncoding = 4; lastKnownFileType = sourcecode.cpp.cpp; path = sal_eXosip2_sdp.cpp; sourceTree = "<group>"; };
		556F878A15C8CBFC00904840 /* salpr.cpp */ = {isa = PBXFileReference; fileEncoding = 4; lastKnownFileType = sourcecode.cpp.cpp; path = salpr.cpp; sourceTree = "<group>"; };
		556F878B15C8CBFC00904840 /* serphonecall.cpp */ = {isa = PBXFileReference; fileEncoding = 4; lastKnownFileType = sourcecode.cpp.cpp; path = serphonecall.cpp; sourceTree = "<group>"; };
		556F878C15C8CBFC00904840 /* serphoneinterface.cpp */ = {isa = PBXFileReference; fileEncoding = 4; lastKnownFileType = sourcecode.cpp.cpp; path = serphoneinterface.cpp; sourceTree = "<group>"; };
		556F878E15C8CBFC00904840 /* siplogin.cpp */ = {isa = PBXFileReference; fileEncoding = 4; lastKnownFileType = sourcecode.cpp.cpp; path = siplogin.cpp; sourceTree = "<group>"; };
		556F878F15C8CBFC00904840 /* sipsetup.cpp */ = {isa = PBXFileReference; fileEncoding = 4; lastKnownFileType = sourcecode.cpp.cpp; path = sipsetup.cpp; sourceTree = "<group>"; };
		55A2652F180F79CF00EA5714 /* http.cpp */ = {isa = PBXFileReference; fileEncoding = 4; lastKnownFileType = sourcecode.cpp.cpp; name = http.cpp; path = source/Http/http.cpp; sourceTree = SOURCE_ROOT; };
		55A26530180F79CF00EA5714 /* http.h */ = {isa = PBXFileReference; fileEncoding = 4; lastKnownFileType = sourcecode.c.h; name = http.h; path = source/Http/http.h; sourceTree = SOURCE_ROOT; };
		55A26531180F79CF00EA5714 /* HttpClient.cpp */ = {isa = PBXFileReference; fileEncoding = 4; lastKnownFileType = sourcecode.cpp.cpp; name = HttpClient.cpp; path = source/Http/HttpClient.cpp; sourceTree = SOURCE_ROOT; };
		55A26532180F79CF00EA5714 /* HttpClient.h */ = {isa = PBXFileReference; fileEncoding = 4; lastKnownFileType = sourcecode.c.h; name = HttpClient.h; path = source/Http/HttpClient.h; sourceTree = SOURCE_ROOT; };
		55A26535180F79CF00EA5714 /* RESTClient.cpp */ = {isa = PBXFileReference; fileEncoding = 4; lastKnownFileType = sourcecode.cpp.cpp; name = RESTClient.cpp; path = source/Http/RESTClient.cpp; sourceTree = SOURCE_ROOT; };
		55A26536180F79CF00EA5714 /* RESTClient.h */ = {isa = PBXFileReference; fileEncoding = 4; lastKnownFileType = sourcecode.c.h; name = RESTClient.h; path = source/Http/RESTClient.h; sourceTree = SOURCE_ROOT; };
		55A26537180F79CF00EA5714 /* URLDecode.cpp */ = {isa = PBXFileReference; fileEncoding = 4; lastKnownFileType = sourcecode.cpp.cpp; name = URLDecode.cpp; path = source/Http/URLDecode.cpp; sourceTree = SOURCE_ROOT; };
		55A26541180F79F500EA5714 /* md5.cpp */ = {isa = PBXFileReference; fileEncoding = 4; lastKnownFileType = sourcecode.cpp.cpp; name = md5.cpp; path = source/Utility/md5.cpp; sourceTree = SOURCE_ROOT; };
		55A26542180F79F500EA5714 /* md5.h */ = {isa = PBXFileReference; fileEncoding = 4; lastKnownFileType = sourcecode.c.h; name = md5.h; path = source/Utility/md5.h; sourceTree = SOURCE_ROOT; };
		55A26569180F93DF00EA5714 /* base64.h */ = {isa = PBXFileReference; fileEncoding = 4; lastKnownFileType = sourcecode.c.h; path = base64.h; sourceTree = "<group>"; };
		55A2656A180F93DF00EA5714 /* ice.h */ = {isa = PBXFileReference; fileEncoding = 4; lastKnownFileType = sourcecode.c.h; path = ice.h; sourceTree = "<group>"; };
		55A529E6171D4DF4000BA678 /* CCPClient_Internal.h */ = {isa = PBXFileReference; fileEncoding = 2147486000; lastKnownFileType = sourcecode.c.h; path = CCPClient_Internal.h; sourceTree = "<group>"; };
		55A7510F15C8CAB9001B246A /* libccpclient.a */ = {isa = PBXFileReference; explicitFileType = archive.ar; includeInIndex = 0; path = libccpclient.a; sourceTree = BUILT_PRODUCTS_DIR; };
		55A7511215C8CAB9001B246A /* Foundation.framework */ = {isa = PBXFileReference; lastKnownFileType = wrapper.framework; name = Foundation.framework; path = System/Library/Frameworks/Foundation.framework; sourceTree = SDKROOT; };
		55A76DCA174C5D2D006BA9B1 /* sdk_common.h */ = {isa = PBXFileReference; fileEncoding = 4; lastKnownFileType = sourcecode.c.h; name = sdk_common.h; path = ../../module/sdk_common.h; sourceTree = "<group>"; };
		55B00874183DB104009D26EA /* cJSON.c */ = {isa = PBXFileReference; fileEncoding = 4; lastKnownFileType = sourcecode.c.c; name = cJSON.c; path = source/Utility/cJSON.c; sourceTree = SOURCE_ROOT; };
		55B00875183DB104009D26EA /* cJSON.h */ = {isa = PBXFileReference; fileEncoding = 4; lastKnownFileType = sourcecode.c.h; name = cJSON.h; path = source/Utility/cJSON.h; sourceTree = SOURCE_ROOT; };
		55EA5E3A17D8589100885688 /* ice.cc */ = {isa = PBXFileReference; fileEncoding = 4; lastKnownFileType = sourcecode.cpp.cpp; path = ice.cc; sourceTree = "<group>"; };
		AD0199801D23710D003C2BB9 /* osip.xcodeproj */ = {isa = PBXFileReference; lastKnownFileType = "wrapper.pb-project"; name = osip.xcodeproj; path = ../module/osip/osip.xcodeproj; sourceTree = "<group>"; };
		AD0199861D23711E003C2BB9 /* exosip.xcodeproj */ = {isa = PBXFileReference; lastKnownFileType = "wrapper.pb-project"; name = exosip.xcodeproj; path = ../module/exosip/exosip.xcodeproj; sourceTree = "<group>"; };
		AD0199AC1D239472003C2BB9 /* sometools.h */ = {isa = PBXFileReference; fileEncoding = 4; lastKnownFileType = sourcecode.c.h; path = sometools.h; sourceTree = "<group>"; };
		AD0199AE1D239480003C2BB9 /* sometools.cpp */ = {isa = PBXFileReference; fileEncoding = 4; lastKnownFileType = sourcecode.cpp.cpp; path = sometools.cpp; sourceTree = "<group>"; };
		AD1123281DAF3158006CDD38 /* libECMedia.a */ = {isa = PBXFileReference; lastKnownFileType = archive.ar; name = libECMedia.a; path = "../../../../../../../../Users/seanlee/Library/Developer/Xcode/DerivedData/CCPVoipDemo-eoxgwrhjyrmuvacahazhkgyeociq/Build/Products/Debug-iphoneos/libECMedia.a"; sourceTree = "<group>"; };
		AD194FB41C5B3F85003841BB /* libz.tbd */ = {isa = PBXFileReference; lastKnownFileType = "sourcecode.text-based-dylib-definition"; name = libz.tbd; path = usr/lib/libz.tbd; sourceTree = SDKROOT; };
		AD194FB61C5B3F90003841BB /* libc++.tbd */ = {isa = PBXFileReference; lastKnownFileType = "sourcecode.text-based-dylib-definition"; name = "libc++.tbd"; path = "usr/lib/libc++.tbd"; sourceTree = SDKROOT; };
/* End PBXFileReference section */

/* Begin PBXFrameworksBuildPhase section */
		55A7510C15C8CAB9001B246A /* Frameworks */ = {
			isa = PBXFrameworksBuildPhase;
			buildActionMask = 2147483647;
			files = (
				1FB814661F4584DB00CCBB91 /* libECMedia.a in Frameworks */,
				AD01998D1D237130003C2BB9 /* libosip.a in Frameworks */,
				AD01998C1D237128003C2BB9 /* libexosip.a in Frameworks */,
				55A7511315C8CAB9001B246A /* Foundation.framework in Frameworks */,
			);
			runOnlyForDeploymentPostprocessing = 0;
		};
/* End PBXFrameworksBuildPhase section */

/* Begin PBXGroup section */
		1FB8143A1F4584CC00CCBB91 /* Products */ = {
			isa = PBXGroup;
			children = (
				1FB814631F4584CF00CCBB91 /* libECMedia.a */,
				1FB814651F4584CF00CCBB91 /* libECMedia_Mac.a */,
			);
			name = Products;
			sourceTree = "<group>";
		};
		556F876D15C8CBFC00904840 /* include */ = {
			isa = PBXGroup;
			children = (
				AD0199AC1D239472003C2BB9 /* sometools.h */,
				55A26569180F93DF00EA5714 /* base64.h */,
				55A2656A180F93DF00EA5714 /* ice.h */,
				556F876E15C8CBFC00904840 /* enum.h */,
				556F876F15C8CBFC00904840 /* friends.h */,
				556F877015C8CBFC00904840 /* linphonefriend.h */,
				556F877115C8CBFC00904840 /* lpconfig.h */,
				556F877215C8CBFC00904840 /* offeranswer.h */,
				556F877315C8CBFC00904840 /* sal_eXosip2.h */,
				556F877415C8CBFC00904840 /* salpr.h */,
				556F877515C8CBFC00904840 /* serphonecall.h */,
				556F877615C8CBFC00904840 /* serprivate.h */,
				556F877715C8CBFC00904840 /* servicecore.h */,
				556F877815C8CBFC00904840 /* sipsetup.h */,
				5555DF011829E76700993F3B /* videoframe.h */,
			);
			path = include;
			sourceTree = SOURCE_ROOT;
		};
		556F877A15C8CBFC00904840 /* interface */ = {
			isa = PBXGroup;
			children = (
				55A76DCA174C5D2D006BA9B1 /* sdk_common.h */,
				55A529E6171D4DF4000BA678 /* CCPClient_Internal.h */,
				554AD6A016FAB0F20084F686 /* CCPClient.h */,
				556F877B15C8CBFC00904840 /* serphoneinterface.h */,
			);
			path = interface;
			sourceTree = SOURCE_ROOT;
		};
		556F877C15C8CBFC00904840 /* source */ = {
			isa = PBXGroup;
			children = (
				55A2652E180F799A00EA5714 /* Utility */,
				55A2650F180F798C00EA5714 /* Http */,
				55EA5E3A17D8589100885688 /* ice.cc */,
				AD0199AE1D239480003C2BB9 /* sometools.cpp */,
				550FCC121797E86400D21A07 /* base64.c */,
				554AD69E16FAB0EB0084F686 /* CCPClient.cpp */,
				556B7426160EAFB9005574FD /* tinyxml2.cpp */,
				5550177015C8CF480023C226 /* servicecore.cpp */,
				556F877D15C8CBFC00904840 /* address.cpp */,
				556F877E15C8CBFC00904840 /* callbacks.cpp */,
				556F877F15C8CBFC00904840 /* chat.cpp */,
				556F878015C8CBFC00904840 /* enum.cpp */,
				556F878115C8CBFC00904840 /* friends.cpp */,
				556F878215C8CBFC00904840 /* lpconfig.cpp */,
				556F878315C8CBFC00904840 /* mediaprocess.cpp */,
				556F878415C8CBFC00904840 /* offeranswer.cpp */,
				556F878515C8CBFC00904840 /* prensence.cpp */,
				556F878615C8CBFC00904840 /* proxy.cpp */,
				556F878715C8CBFC00904840 /* sal_eXosip2.cpp */,
				556F878815C8CBFC00904840 /* sal_eXosip2_presence.cpp */,
				556F878915C8CBFC00904840 /* sal_eXosip2_sdp.cpp */,
				556F878A15C8CBFC00904840 /* salpr.cpp */,
				556F878B15C8CBFC00904840 /* serphonecall.cpp */,
				556F878C15C8CBFC00904840 /* serphoneinterface.cpp */,
				556F878E15C8CBFC00904840 /* siplogin.cpp */,
				556F878F15C8CBFC00904840 /* sipsetup.cpp */,
			);
			path = source;
			sourceTree = SOURCE_ROOT;
		};
		55A2650F180F798C00EA5714 /* Http */ = {
			isa = PBXGroup;
			children = (
				55A2652F180F79CF00EA5714 /* http.cpp */,
				55A26530180F79CF00EA5714 /* http.h */,
				55A26531180F79CF00EA5714 /* HttpClient.cpp */,
				55A26532180F79CF00EA5714 /* HttpClient.h */,
				55A26535180F79CF00EA5714 /* RESTClient.cpp */,
				55A26536180F79CF00EA5714 /* RESTClient.h */,
				55A26537180F79CF00EA5714 /* URLDecode.cpp */,
			);
			name = Http;
			path = ../servicecore;
			sourceTree = "<group>";
		};
		55A2652E180F799A00EA5714 /* Utility */ = {
			isa = PBXGroup;
			children = (
				55B00874183DB104009D26EA /* cJSON.c */,
				55B00875183DB104009D26EA /* cJSON.h */,
				55209C98181116C60079F4D6 /* base64_2.cpp */,
				55209C99181116C60079F4D6 /* base64_2.h */,
				55A26541180F79F500EA5714 /* md5.cpp */,
				55A26542180F79F500EA5714 /* md5.h */,
			);
			name = Utility;
			path = ../servicecore;
			sourceTree = "<group>";
		};
		55A7510415C8CAB9001B246A = {
			isa = PBXGroup;
			children = (
				1FB814391F4584CC00CCBB91 /* ECMedia.xcodeproj */,
				AD0199861D23711E003C2BB9 /* exosip.xcodeproj */,
				AD0199801D23710D003C2BB9 /* osip.xcodeproj */,
				55A7511415C8CAB9001B246A /* servicecore */,
				55A7511115C8CAB9001B246A /* Frameworks */,
				55A7511015C8CAB9001B246A /* Products */,
			);
			sourceTree = "<group>";
		};
		55A7511015C8CAB9001B246A /* Products */ = {
			isa = PBXGroup;
			children = (
				55A7510F15C8CAB9001B246A /* libccpclient.a */,
			);
			name = Products;
			sourceTree = "<group>";
		};
		55A7511115C8CAB9001B246A /* Frameworks */ = {
			isa = PBXGroup;
			children = (
				AD1123281DAF3158006CDD38 /* libECMedia.a */,
				AD194FB61C5B3F90003841BB /* libc++.tbd */,
				AD194FB41C5B3F85003841BB /* libz.tbd */,
				55A7511215C8CAB9001B246A /* Foundation.framework */,
			);
			name = Frameworks;
			sourceTree = "<group>";
		};
		55A7511415C8CAB9001B246A /* servicecore */ = {
			isa = PBXGroup;
			children = (
				556F876D15C8CBFC00904840 /* include */,
				556F877A15C8CBFC00904840 /* interface */,
				556F877C15C8CBFC00904840 /* source */,
			);
			path = servicecore;
			sourceTree = "<group>";
		};
		AD0199811D23710D003C2BB9 /* Products */ = {
			isa = PBXGroup;
			children = (
				AD0199851D23710D003C2BB9 /* libosip.a */,
			);
			name = Products;
			sourceTree = "<group>";
		};
		AD0199871D23711E003C2BB9 /* Products */ = {
			isa = PBXGroup;
			children = (
				AD01998B1D23711E003C2BB9 /* libexosip.a */,
			);
			name = Products;
			sourceTree = "<group>";
		};
/* End PBXGroup section */

/* Begin PBXHeadersBuildPhase section */
		55A7510D15C8CAB9001B246A /* Headers */ = {
			isa = PBXHeadersBuildPhase;
			buildActionMask = 2147483647;
			files = (
				556F879115C8CBFC00904840 /* enum.h in Headers */,
				556F879215C8CBFC00904840 /* friends.h in Headers */,
				556F879315C8CBFC00904840 /* linphonefriend.h in Headers */,
				556F879415C8CBFC00904840 /* lpconfig.h in Headers */,
				556F879515C8CBFC00904840 /* offeranswer.h in Headers */,
				556F879615C8CBFC00904840 /* sal_eXosip2.h in Headers */,
				556F879715C8CBFC00904840 /* salpr.h in Headers */,
				556F879815C8CBFC00904840 /* serphonecall.h in Headers */,
				556F879915C8CBFC00904840 /* serprivate.h in Headers */,
				AD0199AD1D239472003C2BB9 /* sometools.h in Headers */,
				556F879A15C8CBFC00904840 /* servicecore.h in Headers */,
				556F879B15C8CBFC00904840 /* sipsetup.h in Headers */,
				55B00877183DB104009D26EA /* cJSON.h in Headers */,
				556F879D15C8CBFC00904840 /* serphoneinterface.h in Headers */,
				55F73F4F16FAB3A7008A2F8D /* CCPClient.h in Headers */,
				55A529E7171D4DF4000BA678 /* CCPClient_Internal.h in Headers */,
				55A76DCB174C5D2D006BA9B1 /* sdk_common.h in Headers */,
				55A26539180F79CF00EA5714 /* http.h in Headers */,
				55A2653B180F79CF00EA5714 /* HttpClient.h in Headers */,
				55A2653F180F79CF00EA5714 /* RESTClient.h in Headers */,
				55A26546180F79F500EA5714 /* md5.h in Headers */,
				5555DF031829E76700993F3B /* videoframe.h in Headers */,
				55A2656B180F93DF00EA5714 /* base64.h in Headers */,
				55A2656C180F93DF00EA5714 /* ice.h in Headers */,
				55209C9B181116C60079F4D6 /* base64_2.h in Headers */,
			);
			runOnlyForDeploymentPostprocessing = 0;
		};
/* End PBXHeadersBuildPhase section */

/* Begin PBXNativeTarget section */
		55A7510E15C8CAB9001B246A /* servicecore */ = {
			isa = PBXNativeTarget;
			buildConfigurationList = 55A7511C15C8CAB9001B246A /* Build configuration list for PBXNativeTarget "servicecore" */;
			buildPhases = (
				55A7510B15C8CAB9001B246A /* Sources */,
				55A7510C15C8CAB9001B246A /* Frameworks */,
				55A7510D15C8CAB9001B246A /* Headers */,
			);
			buildRules = (
			);
			dependencies = (
				1FB140AD20D291770028C05D /* PBXTargetDependency */,
				AD0199B11D2397CF003C2BB9 /* PBXTargetDependency */,
				AD0199B31D2397CF003C2BB9 /* PBXTargetDependency */,
			);
			name = servicecore;
			productName = servicecore;
			productReference = 55A7510F15C8CAB9001B246A /* libccpclient.a */;
			productType = "com.apple.product-type.library.static";
		};
/* End PBXNativeTarget section */

/* Begin PBXProject section */
		55A7510615C8CAB9001B246A /* Project object */ = {
			isa = PBXProject;
			attributes = {
				LastUpgradeCheck = 0450;
			};
			buildConfigurationList = 55A7510915C8CAB9001B246A /* Build configuration list for PBXProject "servicecoreVideo" */;
			compatibilityVersion = "Xcode 3.2";
			developmentRegion = English;
			hasScannedForEncodings = 0;
			knownRegions = (
				en,
			);
			mainGroup = 55A7510415C8CAB9001B246A;
			productRefGroup = 55A7511015C8CAB9001B246A /* Products */;
			projectDirPath = "";
			projectReferences = (
				{
					ProductGroup = 1FB8143A1F4584CC00CCBB91 /* Products */;
					ProjectRef = 1FB814391F4584CC00CCBB91 /* ECMedia.xcodeproj */;
				},
				{
					ProductGroup = AD0199871D23711E003C2BB9 /* Products */;
					ProjectRef = AD0199861D23711E003C2BB9 /* exosip.xcodeproj */;
				},
				{
					ProductGroup = AD0199811D23710D003C2BB9 /* Products */;
					ProjectRef = AD0199801D23710D003C2BB9 /* osip.xcodeproj */;
				},
			);
			projectRoot = "";
			targets = (
				55A7510E15C8CAB9001B246A /* servicecore */,
			);
		};
/* End PBXProject section */

/* Begin PBXReferenceProxy section */
		1FB814631F4584CF00CCBB91 /* libECMedia.a */ = {
			isa = PBXReferenceProxy;
			fileType = archive.ar;
			path = libECMedia.a;
			remoteRef = 1FB814621F4584CF00CCBB91 /* PBXContainerItemProxy */;
			sourceTree = BUILT_PRODUCTS_DIR;
		};
		1FB814651F4584CF00CCBB91 /* libECMedia_Mac.a */ = {
			isa = PBXReferenceProxy;
			fileType = archive.ar;
			path = libECMedia_Mac.a;
			remoteRef = 1FB814641F4584CF00CCBB91 /* PBXContainerItemProxy */;
			sourceTree = BUILT_PRODUCTS_DIR;
		};
		AD0199851D23710D003C2BB9 /* libosip.a */ = {
			isa = PBXReferenceProxy;
			fileType = archive.ar;
			path = libosip.a;
			remoteRef = AD0199841D23710D003C2BB9 /* PBXContainerItemProxy */;
			sourceTree = BUILT_PRODUCTS_DIR;
		};
		AD01998B1D23711E003C2BB9 /* libexosip.a */ = {
			isa = PBXReferenceProxy;
			fileType = archive.ar;
			path = libexosip.a;
			remoteRef = AD01998A1D23711E003C2BB9 /* PBXContainerItemProxy */;
			sourceTree = BUILT_PRODUCTS_DIR;
		};
/* End PBXReferenceProxy section */

/* Begin PBXSourcesBuildPhase section */
		55A7510B15C8CAB9001B246A /* Sources */ = {
			isa = PBXSourcesBuildPhase;
			buildActionMask = 2147483647;
			files = (
				55AAF3F116FAC66600BCCBD5 /* CCPClient.cpp in Sources */,
				556F879E15C8CBFC00904840 /* address.cpp in Sources */,
				556F879F15C8CBFC00904840 /* callbacks.cpp in Sources */,
				556F87A015C8CBFC00904840 /* chat.cpp in Sources */,
				556F87A115C8CBFC00904840 /* enum.cpp in Sources */,
				556F87A215C8CBFC00904840 /* friends.cpp in Sources */,
				556F87A315C8CBFC00904840 /* lpconfig.cpp in Sources */,
				556F87A415C8CBFC00904840 /* mediaprocess.cpp in Sources */,
				556F87A515C8CBFC00904840 /* offeranswer.cpp in Sources */,
				556F87A615C8CBFC00904840 /* prensence.cpp in Sources */,
				556F87A715C8CBFC00904840 /* proxy.cpp in Sources */,
				556F87A815C8CBFC00904840 /* sal_eXosip2.cpp in Sources */,
				556F87A915C8CBFC00904840 /* sal_eXosip2_presence.cpp in Sources */,
				556F87AA15C8CBFC00904840 /* sal_eXosip2_sdp.cpp in Sources */,
				556F87AB15C8CBFC00904840 /* salpr.cpp in Sources */,
				556F87AC15C8CBFC00904840 /* serphonecall.cpp in Sources */,
				55B00876183DB104009D26EA /* cJSON.c in Sources */,
				556F87AD15C8CBFC00904840 /* serphoneinterface.cpp in Sources */,
				556F87AF15C8CBFC00904840 /* siplogin.cpp in Sources */,
				556F87B015C8CBFC00904840 /* sipsetup.cpp in Sources */,
				5550177115C8CF480023C226 /* servicecore.cpp in Sources */,
				AD0199AF1D239480003C2BB9 /* sometools.cpp in Sources */,
				556B7427160EAFB9005574FD /* tinyxml2.cpp in Sources */,
				550FCC131797E86400D21A07 /* base64.c in Sources */,
				55EA5E3B17D8589100885688 /* ice.cc in Sources */,
				55A26538180F79CF00EA5714 /* http.cpp in Sources */,
				55A2653A180F79CF00EA5714 /* HttpClient.cpp in Sources */,
				55A2653E180F79CF00EA5714 /* RESTClient.cpp in Sources */,
				55A26540180F79CF00EA5714 /* URLDecode.cpp in Sources */,
				55A26545180F79F500EA5714 /* md5.cpp in Sources */,
				55209C9A181116C60079F4D6 /* base64_2.cpp in Sources */,
			);
			runOnlyForDeploymentPostprocessing = 0;
		};
/* End PBXSourcesBuildPhase section */

/* Begin PBXTargetDependency section */
		1FB140AD20D291770028C05D /* PBXTargetDependency */ = {
			isa = PBXTargetDependency;
			name = ECMedia;
			targetProxy = 1FB140AC20D291770028C05D /* PBXContainerItemProxy */;
		};
		AD0199B11D2397CF003C2BB9 /* PBXTargetDependency */ = {
			isa = PBXTargetDependency;
			name = exosip;
			targetProxy = AD0199B01D2397CF003C2BB9 /* PBXContainerItemProxy */;
		};
		AD0199B31D2397CF003C2BB9 /* PBXTargetDependency */ = {
			isa = PBXTargetDependency;
			name = osip;
			targetProxy = AD0199B21D2397CF003C2BB9 /* PBXContainerItemProxy */;
		};
/* End PBXTargetDependency section */

/* Begin XCBuildConfiguration section */
		55A7511A15C8CAB9001B246A /* Debug */ = {
			isa = XCBuildConfiguration;
			buildSettings = {
				ALWAYS_SEARCH_USER_PATHS = NO;
				ARCHS = "$(ARCHS_STANDARD_32_BIT)";
				COPY_PHASE_STRIP = NO;
				GCC_C_LANGUAGE_STANDARD = gnu99;
				GCC_DYNAMIC_NO_PIC = NO;
				GCC_OPTIMIZATION_LEVEL = 0;
				GCC_PREPROCESSOR_DEFINITIONS = (
					"DEBUG=1",
					"$(inherited)",
				);
				GCC_SYMBOLS_PRIVATE_EXTERN = NO;
				GCC_VERSION = com.apple.compilers.llvm.clang.1_0;
				GCC_WARN_ABOUT_MISSING_PROTOTYPES = YES;
				GCC_WARN_ABOUT_RETURN_TYPE = YES;
				GCC_WARN_UNUSED_VARIABLE = YES;
				IPHONEOS_DEPLOYMENT_TARGET = 8.0;
				SDKROOT = iphoneos;
			};
			name = Debug;
		};
		55A7511B15C8CAB9001B246A /* Release */ = {
			isa = XCBuildConfiguration;
			buildSettings = {
				ALWAYS_SEARCH_USER_PATHS = NO;
				ARCHS = "$(ARCHS_STANDARD_32_BIT)";
				COPY_PHASE_STRIP = YES;
				GCC_C_LANGUAGE_STANDARD = gnu99;
				GCC_VERSION = com.apple.compilers.llvm.clang.1_0;
				GCC_WARN_ABOUT_MISSING_PROTOTYPES = YES;
				GCC_WARN_ABOUT_RETURN_TYPE = YES;
				GCC_WARN_UNUSED_VARIABLE = YES;
				IPHONEOS_DEPLOYMENT_TARGET = 8.0;
				SDKROOT = iphoneos;
				VALIDATE_PRODUCT = YES;
			};
			name = Release;
		};
		55A7511D15C8CAB9001B246A /* Debug */ = {
			isa = XCBuildConfiguration;
			buildSettings = {
				ARCHS = "$(ARCHS_STANDARD)";
				CLANG_CXX_LANGUAGE_STANDARD = "gnu++0x";
				CLANG_CXX_LIBRARY = "libc++";
				CODE_SIGN_IDENTITY = "iPhone Developer: hongwei LI (M5465XZ27U)";
				DSTROOT = /tmp/servicecore.dst;
				GCC_PRECOMPILE_PREFIX_HEADER = YES;
				GCC_PREFIX_HEADER = "";
				GCC_PREPROCESSOR_DEFINITIONS = (
					"$(inherited)",
					OSIP_MT,
					WEBRTC_MAC,
					_DEBUG,
					VIDEO_ENABLED,
					MAC_IPHONE,
					ENABLE_REMB_TMMBR_CONFIG,
				);
				GCC_VERSION = "";
				HEADER_SEARCH_PATHS = (
					../.,
					../module/interface,
					../module/.,
					../module/exosip/source,
					../module/exosip/include,
					../module/osip/include,
					../video_engine/source,
					../video_engine/include,
					../voice_engine/main/include,
					../system_wrappers/interface,
					./include,
					./interface,
					./source,
					./source/http/,
					../third_party/srtp/crypto/include,
					../third_party,
					../third_party/srtp,
					../third_party/oRTP/include,
					../module/udp_transport/source,
					../voice_engine/main/source/,
					../module/audio_coding/main/include/,
					../module/videojpegyuv/include,
					../module/audio_conference_mixer/include/,
					../module/video_coding/main/include/,
					../third_party/oRTP/include/ortp,
					../third_party/ffmpeg/,
					../module/common_video/interface,
					../module/common_video/source,
					../module/video_coding/codecs/interface,
					../module/rtp_rtcp/include,
					../module/common_video/source/libyuv/include,
					../module/common_audio/source/resampler/include,
					../module/bitrate_controller/include,
					../module/remote_bitrate_estimator/include,
					../module/remote_bitrate_estimator/source,
					../module/pacing/include,
					../module/video_render/main/include,
					../ECMedia/interface,
					../ECMedia/source,
					../third_party/protobuf/src,
					../third_party/SoundTouch/SoundTouch,
					../base,
				);
				IPHONEOS_DEPLOYMENT_TARGET = 8.0;
				LIBRARY_SEARCH_PATHS = (
					"$(inherited)",
					"\"$(SRCROOT)/../IOSProject/out/baselib/Release-iphoneos\"",
					"$(SRCROOT)",
					"$(PROJECT_DIR)",
				);
				OBJROOT = build;
				OTHER_CFLAGS = "-Wno-write-strings";
				OTHER_LDFLAGS = "-ObjC";
				PRODUCT_NAME = ccpclient;
				PROVISIONING_PROFILE = "74F6471D-9AB1-4945-BE91-27D282DCAC4E";
				PUBLIC_HEADERS_FOLDER_PATH = ../include;
				SHARED_PRECOMPS_DIR = "$(CACHE_ROOT)/SharedPrecompiledHeaders";
				SKIP_INSTALL = YES;
				SYMROOT = build;
				VALID_ARCHS = "armv7 arm64";
			};
			name = Debug;
		};
		55A7511E15C8CAB9001B246A /* Release */ = {
			isa = XCBuildConfiguration;
			buildSettings = {
				ARCHS = "$(ARCHS_STANDARD)";
				CLANG_CXX_LANGUAGE_STANDARD = "gnu++0x";
				CLANG_CXX_LIBRARY = "libc++";
				CODE_SIGN_IDENTITY = "iPhone Developer: hongwei LI (M5465XZ27U)";
				DSTROOT = /tmp/servicecore.dst;
				GCC_PRECOMPILE_PREFIX_HEADER = YES;
				GCC_PREFIX_HEADER = "";
				GCC_PREPROCESSOR_DEFINITIONS = (
					OSIP_MT,
					WEBRTC_MAC,
					_DEBUG,
					VIDEO_ENABLED,
					MAC_IPHONE,
					ENABLE_REMB_TMMBR_CONFIG,
				);
				GCC_VERSION = "";
				HEADER_SEARCH_PATHS = (
					../.,
					../module/interface,
					../module/.,
					../module/exosip/source,
					../module/exosip/include,
					../module/osip/include,
					../video_engine/source,
					../video_engine/include,
					../voice_engine/main/include,
					../system_wrappers/interface,
					./include,
					./interface,
					./source,
					./source/http/,
					../third_party/srtp/crypto/include,
					../third_party,
					../third_party/srtp,
					../third_party/oRTP/include,
					../module/udp_transport/source,
					../voice_engine/main/source/,
					../module/audio_coding/main/include/,
					../module/videojpegyuv/include,
					../module/audio_conference_mixer/include/,
					../module/video_coding/main/include/,
					../third_party/oRTP/include/ortp,
					../third_party/ffmpeg/,
					../module/common_video/interface,
					../module/common_video/source,
					../module/video_coding/codecs/interface,
					../module/rtp_rtcp/include,
					../module/common_video/source/libyuv/include,
					../module/common_audio/source/resampler/include,
					../module/bitrate_controller/include,
					../module/remote_bitrate_estimator/include,
					../module/remote_bitrate_estimator/source,
					../module/pacing/include,
					../module/video_render/main/include,
					../ECMedia/interface,
					../ECMedia/source,
					../third_party/protobuf/src,
					../third_party/SoundTouch/SoundTouch,
					../base,
				);
				IPHONEOS_DEPLOYMENT_TARGET = 8.0;
				LIBRARY_SEARCH_PATHS = (
					"$(inherited)",
					"\"$(SRCROOT)/../IOSProject/out/baselib/Release-iphoneos\"",
					"$(SRCROOT)",
					"$(PROJECT_DIR)",
				);
				OBJROOT = build;
				OTHER_CFLAGS = "-Wno-write-strings";
				OTHER_LDFLAGS = "-ObjC";
				PRODUCT_NAME = ccpclient;
				PROVISIONING_PROFILE = "74F6471D-9AB1-4945-BE91-27D282DCAC4E";
				PUBLIC_HEADERS_FOLDER_PATH = ../include;
				SHARED_PRECOMPS_DIR = "$(CACHE_ROOT)/SharedPrecompiledHeaders";
				SKIP_INSTALL = YES;
				SYMROOT = build;
				VALIDATE_PRODUCT = YES;
				VALID_ARCHS = "armv7 arm64";
			};
			name = Release;
		};
/* End XCBuildConfiguration section */

/* Begin XCConfigurationList section */
		55A7510915C8CAB9001B246A /* Build configuration list for PBXProject "servicecoreVideo" */ = {
			isa = XCConfigurationList;
			buildConfigurations = (
				55A7511A15C8CAB9001B246A /* Debug */,
				55A7511B15C8CAB9001B246A /* Release */,
			);
			defaultConfigurationIsVisible = 0;
			defaultConfigurationName = Release;
		};
		55A7511C15C8CAB9001B246A /* Build configuration list for PBXNativeTarget "servicecore" */ = {
			isa = XCConfigurationList;
			buildConfigurations = (
				55A7511D15C8CAB9001B246A /* Debug */,
				55A7511E15C8CAB9001B246A /* Release */,
			);
			defaultConfigurationIsVisible = 0;
			defaultConfigurationName = Release;
		};
/* End XCConfigurationList section */
	};
	rootObject = 55A7510615C8CAB9001B246A /* Project object */;
}
